
Microsoft Visual Studio Solution File, Format Version 12.00
# Visual Studio Version 17
VisualStudioVersion = 17.0.32014.148
MinimumVisualStudioVersion = 10.0.40219.1
Project("{FAE04EC0-301F-11D3-BF4B-00C04F79EFBC}") = "ACSS.Web", "ACSS.Web\ACSS.Web.csproj", "{8A1DAD39-EC00-49F3-8AA7-DD969EBBE06C}"
EndProject
Project("{FAE04EC0-301F-11D3-BF4B-00C04F79EFBC}") = "ACSS.Lib", "ACSS.Lib\ACSS.Lib.csproj", "{9C99803A-BC58-4815-AE65-D3C5C8AC041D}"
EndProject
Project("{FAE04EC0-301F-11D3-BF4B-00C04F79EFBC}") = "ACSS.Api", "ACSS.Api\ACSS.Api.csproj", "{8922B4B1-0CB5-4142-AD58-64FFB18E689B}"
EndProject
Global
	GlobalSection(SolutionConfigurationPlatforms) = preSolution
		Debug|Any CPU = Debug|Any CPU
		Release|Any CPU = Release|Any CPU
	EndGlobalSection
	GlobalSection(ProjectConfigurationPlatforms) = postSolution
		{8A1DAD39-EC00-49F3-8AA7-DD969EBBE06C}.Debug|Any CPU.ActiveCfg = Debug|Any CPU
		{8A1DAD39-EC00-49F3-8AA7-DD969EBBE06C}.Debug|Any CPU.Build.0 = Debug|Any CPU
		{8A1DAD39-EC00-49F3-8AA7-DD969EBBE06C}.Release|Any CPU.ActiveCfg = Release|Any CPU
		{8A1DAD39-EC00-49F3-8AA7-DD969EBBE06C}.Release|Any CPU.Build.0 = Release|Any CPU
		{9C99803A-BC58-4815-AE65-D3C5C8AC041D}.Debug|Any CPU.ActiveCfg = Debug|Any CPU
		{9C99803A-BC58-4815-AE65-D3C5C8AC041D}.Debug|Any CPU.Build.0 = Debug|Any CPU
		{9C99803A-BC58-4815-AE65-D3C5C8AC041D}.Release|Any CPU.ActiveCfg = Release|Any CPU
		{9C99803A-BC58-4815-AE65-D3C5C8AC041D}.Release|Any CPU.Build.0 = Release|Any CPU
		{8922B4B1-0CB5-4142-AD58-64FFB18E689B}.Debug|Any CPU.ActiveCfg = Debug|Any CPU
		{8922B4B1-0CB5-4142-AD58-64FFB18E689B}.Debug|Any CPU.Build.0 = Debug|Any CPU
		{8922B4B1-0CB5-4142-AD58-64FFB18E689B}.Release|Any CPU.ActiveCfg = Release|Any CPU
		{8922B4B1-0CB5-4142-AD58-64FFB18E689B}.Release|Any CPU.Build.0 = Release|Any CPU
	EndGlobalSection
	GlobalSection(SolutionProperties) = preSolution
		HideSolutionNode = FALSE
	EndGlobalSection
	GlobalSection(ExtensibilityGlobals) = postSolution
		SolutionGuid = {20934558-9B30-4C2E-818B-369B45B98FF5}
	EndGlobalSection
EndGlobal
